// !$*UTF8*$!
{
	archiveVersion = 1;
	classes = {
	};
	objectVersion = 50;
	objects = {

/* Begin PBXBuildFile section */
		6A0B334124317511003105AB /* AboutView.swift in Sources */ = {isa = PBXBuildFile; fileRef = 6A0B334024317511003105AB /* AboutView.swift */; };
		6A0B33432431775F003105AB /* Utilities.swift in Sources */ = {isa = PBXBuildFile; fileRef = 6A0B33422431775F003105AB /* Utilities.swift */; };
		6A6DC7ED2432E2A1003292A9 /* Readme.md in Resources */ = {isa = PBXBuildFile; fileRef = 6A6DC7EC2432E2A1003292A9 /* Readme.md */; };
		6A6DC7EF2433061D003292A9 /* sheep.wav in Resources */ = {isa = PBXBuildFile; fileRef = 6A6DC7EE2433061D003292A9 /* sheep.wav */; };
		6A8D9B66242322B50053ABB1 /* AppDelegate.swift in Sources */ = {isa = PBXBuildFile; fileRef = 6A8D9B65242322B50053ABB1 /* AppDelegate.swift */; };
		6A8D9B68242322B50053ABB1 /* SceneDelegate.swift in Sources */ = {isa = PBXBuildFile; fileRef = 6A8D9B67242322B50053ABB1 /* SceneDelegate.swift */; };
		6A8D9B6B242322B50053ABB1 /* Moobaxas.xcdatamodeld in Sources */ = {isa = PBXBuildFile; fileRef = 6A8D9B69242322B50053ABB1 /* Moobaxas.xcdatamodeld */; };
		6A8D9B6D242322B50053ABB1 /* ContentView.swift in Sources */ = {isa = PBXBuildFile; fileRef = 6A8D9B6C242322B50053ABB1 /* ContentView.swift */; };
		6A8D9B6F242322B70053ABB1 /* Assets.xcassets in Resources */ = {isa = PBXBuildFile; fileRef = 6A8D9B6E242322B70053ABB1 /* Assets.xcassets */; };
		6A8D9B72242322B70053ABB1 /* Preview Assets.xcassets in Resources */ = {isa = PBXBuildFile; fileRef = 6A8D9B71242322B70053ABB1 /* Preview Assets.xcassets */; };
		6A8D9B75242322B70053ABB1 /* LaunchScreen.storyboard in Resources */ = {isa = PBXBuildFile; fileRef = 6A8D9B73242322B70053ABB1 /* LaunchScreen.storyboard */; };
		6A8D9B852423244E0053ABB1 /* sbLoop8.wav in Resources */ = {isa = PBXBuildFile; fileRef = 6A8D9B7D2423244D0053ABB1 /* sbLoop8.wav */; };
		6A8D9B862423244E0053ABB1 /* sbLoop4.wav in Resources */ = {isa = PBXBuildFile; fileRef = 6A8D9B7E2423244D0053ABB1 /* sbLoop4.wav */; };
		6A8D9B872423244E0053ABB1 /* sbLoop3.wav in Resources */ = {isa = PBXBuildFile; fileRef = 6A8D9B7F2423244D0053ABB1 /* sbLoop3.wav */; };
		6A8D9B882423244E0053ABB1 /* sbLoop2.wav in Resources */ = {isa = PBXBuildFile; fileRef = 6A8D9B802423244D0053ABB1 /* sbLoop2.wav */; };
		6A8D9B892423244E0053ABB1 /* sbLoop1.wav in Resources */ = {isa = PBXBuildFile; fileRef = 6A8D9B812423244D0053ABB1 /* sbLoop1.wav */; };
		6A8D9B8A2423244E0053ABB1 /* sbLoop6.wav in Resources */ = {isa = PBXBuildFile; fileRef = 6A8D9B822423244E0053ABB1 /* sbLoop6.wav */; };
		6A8D9B8B2423244E0053ABB1 /* sbLoop5.wav in Resources */ = {isa = PBXBuildFile; fileRef = 6A8D9B832423244E0053ABB1 /* sbLoop5.wav */; };
		6A8D9B8C2423244E0053ABB1 /* sbLoop7.wav in Resources */ = {isa = PBXBuildFile; fileRef = 6A8D9B842423244E0053ABB1 /* sbLoop7.wav */; };
		6A8D9B8E2423F7880053ABB1 /* CustomStyles.swift in Sources */ = {isa = PBXBuildFile; fileRef = 6A8D9B8D2423F7880053ABB1 /* CustomStyles.swift */; };
		6AEE7DBC24247999005843F3 /* SoundInfo.swift in Sources */ = {isa = PBXBuildFile; fileRef = 6AEE7DBB24247999005843F3 /* SoundInfo.swift */; };
/* End PBXBuildFile section */

/* Begin PBXFileReference section */
		6A0B334024317511003105AB /* AboutView.swift */ = {isa = PBXFileReference; lastKnownFileType = sourcecode.swift; path = AboutView.swift; sourceTree = "<group>"; };
		6A0B33422431775F003105AB /* Utilities.swift */ = {isa = PBXFileReference; lastKnownFileType = sourcecode.swift; path = Utilities.swift; sourceTree = "<group>"; };
		6A6DC7EC2432E2A1003292A9 /* Readme.md */ = {isa = PBXFileReference; lastKnownFileType = net.daringfireball.markdown; path = Readme.md; sourceTree = "<group>"; };
		6A6DC7EE2433061D003292A9 /* sheep.wav */ = {isa = PBXFileReference; lastKnownFileType = audio.wav; path = sheep.wav; sourceTree = "<group>"; };
		6A8D9B62242322B50053ABB1 /* Moobaxas.app */ = {isa = PBXFileReference; explicitFileType = wrapper.application; includeInIndex = 0; path = Moobaxas.app; sourceTree = BUILT_PRODUCTS_DIR; };
		6A8D9B65242322B50053ABB1 /* AppDelegate.swift */ = {isa = PBXFileReference; lastKnownFileType = sourcecode.swift; path = AppDelegate.swift; sourceTree = "<group>"; };
		6A8D9B67242322B50053ABB1 /* SceneDelegate.swift */ = {isa = PBXFileReference; lastKnownFileType = sourcecode.swift; path = SceneDelegate.swift; sourceTree = "<group>"; };
		6A8D9B6A242322B50053ABB1 /* Moobaxas.xcdatamodel */ = {isa = PBXFileReference; lastKnownFileType = wrapper.xcdatamodel; path = Moobaxas.xcdatamodel; sourceTree = "<group>"; };
		6A8D9B6C242322B50053ABB1 /* ContentView.swift */ = {isa = PBXFileReference; lastKnownFileType = sourcecode.swift; path = ContentView.swift; sourceTree = "<group>"; };
		6A8D9B6E242322B70053ABB1 /* Assets.xcassets */ = {isa = PBXFileReference; lastKnownFileType = folder.assetcatalog; path = Assets.xcassets; sourceTree = "<group>"; };
		6A8D9B71242322B70053ABB1 /* Preview Assets.xcassets */ = {isa = PBXFileReference; lastKnownFileType = folder.assetcatalog; path = "Preview Assets.xcassets"; sourceTree = "<group>"; };
		6A8D9B74242322B70053ABB1 /* Base */ = {isa = PBXFileReference; lastKnownFileType = file.storyboard; name = Base; path = Base.lproj/LaunchScreen.storyboard; sourceTree = "<group>"; };
		6A8D9B76242322B70053ABB1 /* Info.plist */ = {isa = PBXFileReference; lastKnownFileType = text.plist.xml; path = Info.plist; sourceTree = "<group>"; };
		6A8D9B7D2423244D0053ABB1 /* sbLoop8.wav */ = {isa = PBXFileReference; lastKnownFileType = audio.wav; path = sbLoop8.wav; sourceTree = "<group>"; };
		6A8D9B7E2423244D0053ABB1 /* sbLoop4.wav */ = {isa = PBXFileReference; lastKnownFileType = audio.wav; path = sbLoop4.wav; sourceTree = "<group>"; };
		6A8D9B7F2423244D0053ABB1 /* sbLoop3.wav */ = {isa = PBXFileReference; lastKnownFileType = audio.wav; path = sbLoop3.wav; sourceTree = "<group>"; };
		6A8D9B802423244D0053ABB1 /* sbLoop2.wav */ = {isa = PBXFileReference; lastKnownFileType = audio.wav; path = sbLoop2.wav; sourceTree = "<group>"; };
		6A8D9B812423244D0053ABB1 /* sbLoop1.wav */ = {isa = PBXFileReference; lastKnownFileType = audio.wav; path = sbLoop1.wav; sourceTree = "<group>"; };
		6A8D9B822423244E0053ABB1 /* sbLoop6.wav */ = {isa = PBXFileReference; lastKnownFileType = audio.wav; path = sbLoop6.wav; sourceTree = "<group>"; };
		6A8D9B832423244E0053ABB1 /* sbLoop5.wav */ = {isa = PBXFileReference; lastKnownFileType = audio.wav; path = sbLoop5.wav; sourceTree = "<group>"; };
		6A8D9B842423244E0053ABB1 /* sbLoop7.wav */ = {isa = PBXFileReference; lastKnownFileType = audio.wav; path = sbLoop7.wav; sourceTree = "<group>"; };
		6A8D9B8D2423F7880053ABB1 /* CustomStyles.swift */ = {isa = PBXFileReference; lastKnownFileType = sourcecode.swift; path = CustomStyles.swift; sourceTree = "<group>"; };
		6AEE7DBB24247999005843F3 /* SoundInfo.swift */ = {isa = PBXFileReference; lastKnownFileType = sourcecode.swift; path = SoundInfo.swift; sourceTree = "<group>"; };
/* End PBXFileReference section */

/* Begin PBXFrameworksBuildPhase section */
		6A8D9B5F242322B50053ABB1 /* Frameworks */ = {
			isa = PBXFrameworksBuildPhase;
			buildActionMask = 2147483647;
			files = (
			);
			runOnlyForDeploymentPostprocessing = 0;
		};
/* End PBXFrameworksBuildPhase section */

/* Begin PBXGroup section */
		6A8D9B59242322B50053ABB1 = {
			isa = PBXGroup;
			children = (
				6A6DC7EC2432E2A1003292A9 /* Readme.md */,
				6A8D9B64242322B50053ABB1 /* Moobaxas */,
				6A8D9B63242322B50053ABB1 /* Products */,
			);
			sourceTree = "<group>";
		};
		6A8D9B63242322B50053ABB1 /* Products */ = {
			isa = PBXGroup;
			children = (
				6A8D9B62242322B50053ABB1 /* Moobaxas.app */,
			);
			name = Products;
			sourceTree = "<group>";
		};
		6A8D9B64242322B50053ABB1 /* Moobaxas */ = {
			isa = PBXGroup;
			children = (
				6A8D9B7C242324350053ABB1 /* Sounds */,
				6A8D9B65242322B50053ABB1 /* AppDelegate.swift */,
				6A8D9B67242322B50053ABB1 /* SceneDelegate.swift */,
				6A8D9B6C242322B50053ABB1 /* ContentView.swift */,
				6A8D9B6E242322B70053ABB1 /* Assets.xcassets */,
				6A8D9B73242322B70053ABB1 /* LaunchScreen.storyboard */,
				6A8D9B76242322B70053ABB1 /* Info.plist */,
				6A8D9B69242322B50053ABB1 /* Moobaxas.xcdatamodeld */,
				6A8D9B70242322B70053ABB1 /* Preview Content */,
				6A8D9B8D2423F7880053ABB1 /* CustomStyles.swift */,
				6AEE7DBB24247999005843F3 /* SoundInfo.swift */,
				6A0B334024317511003105AB /* AboutView.swift */,
				6A0B33422431775F003105AB /* Utilities.swift */,
			);
			path = Moobaxas;
			sourceTree = "<group>";
		};
		6A8D9B70242322B70053ABB1 /* Preview Content */ = {
			isa = PBXGroup;
			children = (
				6A8D9B71242322B70053ABB1 /* Preview Assets.xcassets */,
			);
			path = "Preview Content";
			sourceTree = "<group>";
		};
		6A8D9B7C242324350053ABB1 /* Sounds */ = {
			isa = PBXGroup;
			children = (
				6A6DC7EE2433061D003292A9 /* sheep.wav */,
				6A8D9B812423244D0053ABB1 /* sbLoop1.wav */,
				6A8D9B802423244D0053ABB1 /* sbLoop2.wav */,
				6A8D9B7F2423244D0053ABB1 /* sbLoop3.wav */,
				6A8D9B7E2423244D0053ABB1 /* sbLoop4.wav */,
				6A8D9B832423244E0053ABB1 /* sbLoop5.wav */,
				6A8D9B822423244E0053ABB1 /* sbLoop6.wav */,
				6A8D9B842423244E0053ABB1 /* sbLoop7.wav */,
				6A8D9B7D2423244D0053ABB1 /* sbLoop8.wav */,
			);
			path = Sounds;
			sourceTree = "<group>";
		};
/* End PBXGroup section */

/* Begin PBXNativeTarget section */
		6A8D9B61242322B50053ABB1 /* Moobaxas */ = {
			isa = PBXNativeTarget;
			buildConfigurationList = 6A8D9B79242322B70053ABB1 /* Build configuration list for PBXNativeTarget "Moobaxas" */;
			buildPhases = (
				6A8D9B5E242322B50053ABB1 /* Sources */,
				6A8D9B5F242322B50053ABB1 /* Frameworks */,
				6A8D9B60242322B50053ABB1 /* Resources */,
			);
			buildRules = (
			);
			dependencies = (
			);
			name = Moobaxas;
			productName = Moobaxas;
			productReference = 6A8D9B62242322B50053ABB1 /* Moobaxas.app */;
			productType = "com.apple.product-type.application";
		};
/* End PBXNativeTarget section */

/* Begin PBXProject section */
		6A8D9B5A242322B50053ABB1 /* Project object */ = {
			isa = PBXProject;
			attributes = {
				LastSwiftUpdateCheck = 1130;
				LastUpgradeCheck = 1130;
				ORGANIZATIONNAME = "Peter Forward";
				TargetAttributes = {
					6A8D9B61242322B50053ABB1 = {
						CreatedOnToolsVersion = 11.3.1;
					};
				};
			};
			buildConfigurationList = 6A8D9B5D242322B50053ABB1 /* Build configuration list for PBXProject "Moobaxas" */;
			compatibilityVersion = "Xcode 9.3";
			developmentRegion = en;
			hasScannedForEncodings = 0;
			knownRegions = (
				en,
				Base,
			);
			mainGroup = 6A8D9B59242322B50053ABB1;
			productRefGroup = 6A8D9B63242322B50053ABB1 /* Products */;
			projectDirPath = "";
			projectRoot = "";
			targets = (
				6A8D9B61242322B50053ABB1 /* Moobaxas */,
			);
		};
/* End PBXProject section */

/* Begin PBXResourcesBuildPhase section */
		6A8D9B60242322B50053ABB1 /* Resources */ = {
			isa = PBXResourcesBuildPhase;
			buildActionMask = 2147483647;
			files = (
				6A8D9B75242322B70053ABB1 /* LaunchScreen.storyboard in Resources */,
				6A8D9B8A2423244E0053ABB1 /* sbLoop6.wav in Resources */,
				6A6DC7ED2432E2A1003292A9 /* Readme.md in Resources */,
				6A8D9B8B2423244E0053ABB1 /* sbLoop5.wav in Resources */,
				6A8D9B72242322B70053ABB1 /* Preview Assets.xcassets in Resources */,
				6A8D9B852423244E0053ABB1 /* sbLoop8.wav in Resources */,
				6A6DC7EF2433061D003292A9 /* sheep.wav in Resources */,
				6A8D9B862423244E0053ABB1 /* sbLoop4.wav in Resources */,
				6A8D9B882423244E0053ABB1 /* sbLoop2.wav in Resources */,
				6A8D9B892423244E0053ABB1 /* sbLoop1.wav in Resources */,
				6A8D9B872423244E0053ABB1 /* sbLoop3.wav in Resources */,
				6A8D9B6F242322B70053ABB1 /* Assets.xcassets in Resources */,
				6A8D9B8C2423244E0053ABB1 /* sbLoop7.wav in Resources */,
			);
			runOnlyForDeploymentPostprocessing = 0;
		};
/* End PBXResourcesBuildPhase section */

/* Begin PBXSourcesBuildPhase section */
		6A8D9B5E242322B50053ABB1 /* Sources */ = {
			isa = PBXSourcesBuildPhase;
			buildActionMask = 2147483647;
			files = (
				6A8D9B66242322B50053ABB1 /* AppDelegate.swift in Sources */,
				6A0B334124317511003105AB /* AboutView.swift in Sources */,
				6AEE7DBC24247999005843F3 /* SoundInfo.swift in Sources */,
				6A8D9B68242322B50053ABB1 /* SceneDelegate.swift in Sources */,
				6A8D9B8E2423F7880053ABB1 /* CustomStyles.swift in Sources */,
				6A8D9B6D242322B50053ABB1 /* ContentView.swift in Sources */,
				6A0B33432431775F003105AB /* Utilities.swift in Sources */,
				6A8D9B6B242322B50053ABB1 /* Moobaxas.xcdatamodeld in Sources */,
			);
			runOnlyForDeploymentPostprocessing = 0;
		};
/* End PBXSourcesBuildPhase section */

/* Begin PBXVariantGroup section */
		6A8D9B73242322B70053ABB1 /* LaunchScreen.storyboard */ = {
			isa = PBXVariantGroup;
			children = (
				6A8D9B74242322B70053ABB1 /* Base */,
			);
			name = LaunchScreen.storyboard;
			sourceTree = "<group>";
		};
/* End PBXVariantGroup section */

/* Begin XCBuildConfiguration section */
		6A8D9B77242322B70053ABB1 /* Debug */ = {
			isa = XCBuildConfiguration;
			buildSettings = {
				ALWAYS_SEARCH_USER_PATHS = NO;
				CLANG_ANALYZER_NONNULL = YES;
				CLANG_ANALYZER_NUMBER_OBJECT_CONVERSION = YES_AGGRESSIVE;
				CLANG_CXX_LANGUAGE_STANDARD = "gnu++14";
				CLANG_CXX_LIBRARY = "libc++";
				CLANG_ENABLE_MODULES = YES;
				CLANG_ENABLE_OBJC_ARC = YES;
				CLANG_ENABLE_OBJC_WEAK = YES;
				CLANG_WARN_BLOCK_CAPTURE_AUTORELEASING = YES;
				CLANG_WARN_BOOL_CONVERSION = YES;
				CLANG_WARN_COMMA = YES;
				CLANG_WARN_CONSTANT_CONVERSION = YES;
				CLANG_WARN_DEPRECATED_OBJC_IMPLEMENTATIONS = YES;
				CLANG_WARN_DIRECT_OBJC_ISA_USAGE = YES_ERROR;
				CLANG_WARN_DOCUMENTATION_COMMENTS = YES;
				CLANG_WARN_EMPTY_BODY = YES;
				CLANG_WARN_ENUM_CONVERSION = YES;
				CLANG_WARN_INFINITE_RECURSION = YES;
				CLANG_WARN_INT_CONVERSION = YES;
				CLANG_WARN_NON_LITERAL_NULL_CONVERSION = YES;
				CLANG_WARN_OBJC_IMPLICIT_RETAIN_SELF = YES;
				CLANG_WARN_OBJC_LITERAL_CONVERSION = YES;
				CLANG_WARN_OBJC_ROOT_CLASS = YES_ERROR;
				CLANG_WARN_RANGE_LOOP_ANALYSIS = YES;
				CLANG_WARN_STRICT_PROTOTYPES = YES;
				CLANG_WARN_SUSPICIOUS_MOVE = YES;
				CLANG_WARN_UNGUARDED_AVAILABILITY = YES_AGGRESSIVE;
				CLANG_WARN_UNREACHABLE_CODE = YES;
				CLANG_WARN__DUPLICATE_METHOD_MATCH = YES;
				COPY_PHASE_STRIP = NO;
				DEBUG_INFORMATION_FORMAT = dwarf;
				ENABLE_STRICT_OBJC_MSGSEND = YES;
				ENABLE_TESTABILITY = YES;
				GCC_C_LANGUAGE_STANDARD = gnu11;
				GCC_DYNAMIC_NO_PIC = NO;
				GCC_NO_COMMON_BLOCKS = YES;
				GCC_OPTIMIZATION_LEVEL = 0;
				GCC_PREPROCESSOR_DEFINITIONS = (
					"DEBUG=1",
					"$(inherited)",
				);
				GCC_WARN_64_TO_32_BIT_CONVERSION = YES;
				GCC_WARN_ABOUT_RETURN_TYPE = YES_ERROR;
				GCC_WARN_UNDECLARED_SELECTOR = YES;
				GCC_WARN_UNINITIALIZED_AUTOS = YES_AGGRESSIVE;
				GCC_WARN_UNUSED_FUNCTION = YES;
				GCC_WARN_UNUSED_VARIABLE = YES;
				IPHONEOS_DEPLOYMENT_TARGET = 13.2;
				MTL_ENABLE_DEBUG_INFO = INCLUDE_SOURCE;
				MTL_FAST_MATH = YES;
				ONLY_ACTIVE_ARCH = YES;
				SDKROOT = iphoneos;
				SWIFT_ACTIVE_COMPILATION_CONDITIONS = DEBUG;
				SWIFT_OPTIMIZATION_LEVEL = "-Onone";
			};
			name = Debug;
		};
		6A8D9B78242322B70053ABB1 /* Release */ = {
			isa = XCBuildConfiguration;
			buildSettings = {
				ALWAYS_SEARCH_USER_PATHS = NO;
				CLANG_ANALYZER_NONNULL = YES;
				CLANG_ANALYZER_NUMBER_OBJECT_CONVERSION = YES_AGGRESSIVE;
				CLANG_CXX_LANGUAGE_STANDARD = "gnu++14";
				CLANG_CXX_LIBRARY = "libc++";
				CLANG_ENABLE_MODULES = YES;
				CLANG_ENABLE_OBJC_ARC = YES;
				CLANG_ENABLE_OBJC_WEAK = YES;
				CLANG_WARN_BLOCK_CAPTURE_AUTORELEASING = YES;
				CLANG_WARN_BOOL_CONVERSION = YES;
				CLANG_WARN_COMMA = YES;
				CLANG_WARN_CONSTANT_CONVERSION = YES;
				CLANG_WARN_DEPRECATED_OBJC_IMPLEMENTATIONS = YES;
				CLANG_WARN_DIRECT_OBJC_ISA_USAGE = YES_ERROR;
				CLANG_WARN_DOCUMENTATION_COMMENTS = YES;
				CLANG_WARN_EMPTY_BODY = YES;
				CLANG_WARN_ENUM_CONVERSION = YES;
				CLANG_WARN_INFINITE_RECURSION = YES;
				CLANG_WARN_INT_CONVERSION = YES;
				CLANG_WARN_NON_LITERAL_NULL_CONVERSION = YES;
				CLANG_WARN_OBJC_IMPLICIT_RETAIN_SELF = YES;
				CLANG_WARN_OBJC_LITERAL_CONVERSION = YES;
				CLANG_WARN_OBJC_ROOT_CLASS = YES_ERROR;
				CLANG_WARN_RANGE_LOOP_ANALYSIS = YES;
				CLANG_WARN_STRICT_PROTOTYPES = YES;
				CLANG_WARN_SUSPICIOUS_MOVE = YES;
				CLANG_WARN_UNGUARDED_AVAILABILITY = YES_AGGRESSIVE;
				CLANG_WARN_UNREACHABLE_CODE = YES;
				CLANG_WARN__DUPLICATE_METHOD_MATCH = YES;
				COPY_PHASE_STRIP = NO;
				DEBUG_INFORMATION_FORMAT = "dwarf-with-dsym";
				ENABLE_NS_ASSERTIONS = NO;
				ENABLE_STRICT_OBJC_MSGSEND = YES;
				GCC_C_LANGUAGE_STANDARD = gnu11;
				GCC_NO_COMMON_BLOCKS = YES;
				GCC_WARN_64_TO_32_BIT_CONVERSION = YES;
				GCC_WARN_ABOUT_RETURN_TYPE = YES_ERROR;
				GCC_WARN_UNDECLARED_SELECTOR = YES;
				GCC_WARN_UNINITIALIZED_AUTOS = YES_AGGRESSIVE;
				GCC_WARN_UNUSED_FUNCTION = YES;
				GCC_WARN_UNUSED_VARIABLE = YES;
				IPHONEOS_DEPLOYMENT_TARGET = 13.2;
				MTL_ENABLE_DEBUG_INFO = NO;
				MTL_FAST_MATH = YES;
				SDKROOT = iphoneos;
				SWIFT_COMPILATION_MODE = wholemodule;
				SWIFT_OPTIMIZATION_LEVEL = "-O";
				VALIDATE_PRODUCT = YES;
			};
			name = Release;
		};
		6A8D9B7A242322B70053ABB1 /* Debug */ = {
			isa = XCBuildConfiguration;
			buildSettings = {
				ASSETCATALOG_COMPILER_APPICON_NAME = AppIcon;
				CODE_SIGN_STYLE = Automatic;
				DEVELOPMENT_ASSET_PATHS = "\"Moobaxas/Preview Content\"";
				DEVELOPMENT_TEAM = LZXPYWA3BJ;
				ENABLE_PREVIEWS = YES;
				INFOPLIST_FILE = Moobaxas/Info.plist;
				LD_RUNPATH_SEARCH_PATHS = (
					"$(inherited)",
					"@executable_path/Frameworks",
				);
				MARKETING_VERSION = 1.1;
				PRODUCT_BUNDLE_IDENTIFIER = com.fastpeter.Moobaxas;
				PRODUCT_NAME = "$(TARGET_NAME)";
				SWIFT_VERSION = 5.0;
				TARGETED_DEVICE_FAMILY = "1,2";
			};
			name = Debug;
		};
		6A8D9B7B242322B70053ABB1 /* Release */ = {
			isa = XCBuildConfiguration;
			buildSettings = {
				ASSETCATALOG_COMPILER_APPICON_NAME = AppIcon;
				CODE_SIGN_STYLE = Automatic;
				DEVELOPMENT_ASSET_PATHS = "\"Moobaxas/Preview Content\"";
				DEVELOPMENT_TEAM = LZXPYWA3BJ;
				ENABLE_PREVIEWS = YES;
				INFOPLIST_FILE = Moobaxas/Info.plist;
				LD_RUNPATH_SEARCH_PATHS = (
					"$(inherited)",
					"@executable_path/Frameworks",
				);
				MARKETING_VERSION = 1.1;
				PRODUCT_BUNDLE_IDENTIFIER = com.fastpeter.Moobaxas;
				PRODUCT_NAME = "$(TARGET_NAME)";
				SWIFT_VERSION = 5.0;
				TARGETED_DEVICE_FAMILY = "1,2";
			};
			name = Release;
		};
/* End XCBuildConfiguration section */

/* Begin XCConfigurationList section */
		6A8D9B5D242322B50053ABB1 /* Build configuration list for PBXProject "Moobaxas" */ = {
			isa = XCConfigurationList;
			buildConfigurations = (
				6A8D9B77242322B70053ABB1 /* Debug */,
				6A8D9B78242322B70053ABB1 /* Release */,
			);
			defaultConfigurationIsVisible = 0;
			defaultConfigurationName = Release;
		};
		6A8D9B79242322B70053ABB1 /* Build configuration list for PBXNativeTarget "Moobaxas" */ = {
			isa = XCConfigurationList;
			buildConfigurations = (
				6A8D9B7A242322B70053ABB1 /* Debug */,
				6A8D9B7B242322B70053ABB1 /* Release */,
			);
			defaultConfigurationIsVisible = 0;
			defaultConfigurationName = Release;
		};
/* End XCConfigurationList section */

/* Begin XCVersionGroup section */
		6A8D9B69242322B50053ABB1 /* Moobaxas.xcdatamodeld */ = {
			isa = XCVersionGroup;
			children = (
				6A8D9B6A242322B50053ABB1 /* Moobaxas.xcdatamodel */,
			);
			currentVersion = 6A8D9B6A242322B50053ABB1 /* Moobaxas.xcdatamodel */;
			path = Moobaxas.xcdatamodeld;
			sourceTree = "<group>";
			versionGroupType = wrapper.xcdatamodel;
		};
/* End XCVersionGroup section */
	};
	rootObject = 6A8D9B5A242322B50053ABB1 /* Project object */;
}
